
Microsoft Visual Studio Solution File, Format Version 12.00
Project("{FAE04EC0-301F-11D3-BF4B-00C04F79EFBC}") = "TimeToKill.App", "src\TimeToKill.App\TimeToKill.App.csproj", "{AC266914-C300-4C85-B518-A13645E2570A}"
EndProject
Project("{FAE04EC0-301F-11D3-BF4B-00C04F79EFBC}") = "TimeToKill.Shared", "src\TimeToKill.Shared\TimeToKill.Shared.csproj", "{43F6FCB9-7393-4B01-BD4A-3B30DA59A7B7}"
EndProject
Global
	GlobalSection(SolutionConfigurationPlatforms) = preSolution
		Debug|Any CPU = Debug|Any CPU
		Release|Any CPU = Release|Any CPU
	EndGlobalSection
	GlobalSection(ProjectConfigurationPlatforms) = postSolution
		{AC266914-C300-4C85-B518-A13645E2570A}.Debug|Any CPU.ActiveCfg = Debug|Any CPU
		{AC266914-C300-4C85-B518-A13645E2570A}.Debug|Any CPU.Build.0 = Debug|Any CPU
		{AC266914-C300-4C85-B518-A13645E2570A}.Release|Any CPU.ActiveCfg = Release|Any CPU
		{AC266914-C300-4C85-B518-A13645E2570A}.Release|Any CPU.Build.0 = Release|Any CPU
		{43F6FCB9-7393-4B01-BD4A-3B30DA59A7B7}.Debug|Any CPU.ActiveCfg = Debug|Any CPU
		{43F6FCB9-7393-4B01-BD4A-3B30DA59A7B7}.Debug|Any CPU.Build.0 = Debug|Any CPU
		{43F6FCB9-7393-4B01-BD4A-3B30DA59A7B7}.Release|Any CPU.ActiveCfg = Release|Any CPU
		{43F6FCB9-7393-4B01-BD4A-3B30DA59A7B7}.Release|Any CPU.Build.0 = Release|Any CPU
	EndGlobalSection
EndGlobal
